
Microsoft Visual Studio Solution File, Format Version 12.00
# Visual Studio Version 17
VisualStudioVersion = 17.11.35327.3
MinimumVisualStudioVersion = 10.0.40219.1
Project("{9A19103F-16F7-4668-BE54-9A1E7A4F7556}") = "ThiThuDe2Nuitr", "ThiThuDe2Nuitr.csproj", "{6DFA1239-F5CB-430E-9F59-35BC29EB6215}"
EndProject
Global
	GlobalSection(SolutionConfigurationPlatforms) = preSolution
		Debug|Any CPU = Debug|Any CPU
		Release|Any CPU = Release|Any CPU
	EndGlobalSection
	GlobalSection(ProjectConfigurationPlatforms) = postSolution
		{6DFA1239-F5CB-430E-9F59-35BC29EB6215}.Debug|Any CPU.ActiveCfg = Debug|Any CPU
		{6DFA1239-F5CB-430E-9F59-35BC29EB6215}.Debug|Any CPU.Build.0 = Debug|Any CPU
		{6DFA1239-F5CB-430E-9F59-35BC29EB6215}.Release|Any CPU.ActiveCfg = Release|Any CPU
		{6DFA1239-F5CB-430E-9F59-35BC29EB6215}.Release|Any CPU.Build.0 = Release|Any CPU
	EndGlobalSection
	GlobalSection(SolutionProperties) = preSolution
		HideSolutionNode = FALSE
	EndGlobalSection
	GlobalSection(ExtensibilityGlobals) = postSolution
		SolutionGuid = {C742F7C1-8786-4C83-9F7D-693C8AAA0E82}
	EndGlobalSection
EndGlobal
